
Microsoft Visual Studio Solution File, Format Version 12.00
# Visual Studio Version 16
VisualStudioVersion = 16.0.32002.261
MinimumVisualStudioVersion = 10.0.40219.1
Project("{FAE04EC0-301F-11D3-BF4B-00C04F79EFBC}") = "CommandeService", "CommandeService\CommandeService.csproj", "{BFED4918-61F8-4C6D-8C65-5039A7D7412F}"
EndProject
Project("{FAE04EC0-301F-11D3-BF4B-00C04F79EFBC}") = "QueryService", "QueryService\QueryService.csproj", "{3B1635E1-0378-41B2-9CFF-D9FBAC36E9BD}"
EndProject
Project("{FAE04EC0-301F-11D3-BF4B-00C04F79EFBC}") = "CommonData", "CommonData\CommonData.csproj", "{D23EC4B8-83F2-472D-BB4E-86C1B8E0204F}"
EndProject
Global
	GlobalSection(SolutionConfigurationPlatforms) = preSolution
		Debug|Any CPU = Debug|Any CPU
		Release|Any CPU = Release|Any CPU
	EndGlobalSection
	GlobalSection(ProjectConfigurationPlatforms) = postSolution
		{BFED4918-61F8-4C6D-8C65-5039A7D7412F}.Debug|Any CPU.ActiveCfg = Debug|Any CPU
		{BFED4918-61F8-4C6D-8C65-5039A7D7412F}.Debug|Any CPU.Build.0 = Debug|Any CPU
		{BFED4918-61F8-4C6D-8C65-5039A7D7412F}.Release|Any CPU.ActiveCfg = Release|Any CPU
		{BFED4918-61F8-4C6D-8C65-5039A7D7412F}.Release|Any CPU.Build.0 = Release|Any CPU
		{3B1635E1-0378-41B2-9CFF-D9FBAC36E9BD}.Debug|Any CPU.ActiveCfg = Debug|Any CPU
		{3B1635E1-0378-41B2-9CFF-D9FBAC36E9BD}.Debug|Any CPU.Build.0 = Debug|Any CPU
		{3B1635E1-0378-41B2-9CFF-D9FBAC36E9BD}.Release|Any CPU.ActiveCfg = Release|Any CPU
		{3B1635E1-0378-41B2-9CFF-D9FBAC36E9BD}.Release|Any CPU.Build.0 = Release|Any CPU
		{D23EC4B8-83F2-472D-BB4E-86C1B8E0204F}.Debug|Any CPU.ActiveCfg = Debug|Any CPU
		{D23EC4B8-83F2-472D-BB4E-86C1B8E0204F}.Debug|Any CPU.Build.0 = Debug|Any CPU
		{D23EC4B8-83F2-472D-BB4E-86C1B8E0204F}.Release|Any CPU.ActiveCfg = Release|Any CPU
		{D23EC4B8-83F2-472D-BB4E-86C1B8E0204F}.Release|Any CPU.Build.0 = Release|Any CPU
	EndGlobalSection
	GlobalSection(SolutionProperties) = preSolution
		HideSolutionNode = FALSE
	EndGlobalSection
	GlobalSection(ExtensibilityGlobals) = postSolution
		SolutionGuid = {D4DB01DA-97BE-4D5F-A039-6381D1D932AF}
	EndGlobalSection
EndGlobal
